{"filter":false,"title":"Gemfile.lock","tooltip":"/public/Gemfile.lock","undoManager":{"mark":-1,"position":-1,"stack":[]},"ace":{"folds":[],"scrolltop":2252,"scrollleft":0,"selection":{"start":{"row":0,"column":0},"end":{"row":0,"column":0},"isBackwards":false},"options":{"guessTabSize":true,"useWrapMode":false,"wrapToView":true},"firstLineState":{"row":159,"state":"start","mode":"ace/mode/text"}},"timestamp":1508080437243,"hash":"e7806f03863d3c9fd490e31d22fc12b83b7154fa"}